
Microsoft Visual Studio Solution File, Format Version 12.00
# Visual Studio Version 16
VisualStudioVersion = 16.0.30621.155
MinimumVisualStudioVersion = 10.0.40219.1
Project("{FAE04EC0-301F-11D3-BF4B-00C04F79EFBC}") = "EncodeAndSign", "EncodeAndSign.csproj", "{753480B3-F766-4D96-8DEC-EC36351B0625}"
EndProject
Global
	GlobalSection(SolutionConfigurationPlatforms) = preSolution
		Debug|Any CPU = Debug|Any CPU
		Release|Any CPU = Release|Any CPU
	EndGlobalSection
	GlobalSection(ProjectConfigurationPlatforms) = postSolution
		{753480B3-F766-4D96-8DEC-EC36351B0625}.Debug|Any CPU.ActiveCfg = Debug|Any CPU
		{753480B3-F766-4D96-8DEC-EC36351B0625}.Debug|Any CPU.Build.0 = Debug|Any CPU
		{753480B3-F766-4D96-8DEC-EC36351B0625}.Release|Any CPU.ActiveCfg = Release|Any CPU
		{753480B3-F766-4D96-8DEC-EC36351B0625}.Release|Any CPU.Build.0 = Release|Any CPU
	EndGlobalSection
	GlobalSection(SolutionProperties) = preSolution
		HideSolutionNode = FALSE
	EndGlobalSection
	GlobalSection(ExtensibilityGlobals) = postSolution
		SolutionGuid = {A6F0E104-4C52-4F8A-9926-7B5AF8E4432B}
	EndGlobalSection
EndGlobal
