
Microsoft Visual Studio Solution File, Format Version 12.00
# Visual Studio Version 16
VisualStudioVersion = 16.0.31005.135
MinimumVisualStudioVersion = 10.0.40219.1
Project("{FAE04EC0-301F-11D3-BF4B-00C04F79EFBC}") = "EncodeAndSign", "EncodeAndSign.csproj", "{5FBCEB7B-CFF2-44FA-94E9-AD5ADF15AAF5}"
EndProject
Global
	GlobalSection(SolutionConfigurationPlatforms) = preSolution
		Debug|Any CPU = Debug|Any CPU
		Release|Any CPU = Release|Any CPU
	EndGlobalSection
	GlobalSection(ProjectConfigurationPlatforms) = postSolution
		{5FBCEB7B-CFF2-44FA-94E9-AD5ADF15AAF5}.Debug|Any CPU.ActiveCfg = Debug|Any CPU
		{5FBCEB7B-CFF2-44FA-94E9-AD5ADF15AAF5}.Debug|Any CPU.Build.0 = Debug|Any CPU
		{5FBCEB7B-CFF2-44FA-94E9-AD5ADF15AAF5}.Release|Any CPU.ActiveCfg = Release|Any CPU
		{5FBCEB7B-CFF2-44FA-94E9-AD5ADF15AAF5}.Release|Any CPU.Build.0 = Release|Any CPU
	EndGlobalSection
	GlobalSection(SolutionProperties) = preSolution
		HideSolutionNode = FALSE
	EndGlobalSection
	GlobalSection(ExtensibilityGlobals) = postSolution
		SolutionGuid = {FC8D1597-4102-49DA-9AB9-68C95F6FEE84}
	EndGlobalSection
EndGlobal
